{
  "originHash" : "0f6fa789e3ccd649ba0dc0bf0e62d112b1bbe417fa1c42d661c1038d7c38a0a3",
  "pins" : [
    {
      "identity" : "openai",
      "kind" : "remoteSourceControl",
      "location" : "https://github.com/MacPaw/OpenAI.git",
      "state" : {
        "branch" : "main",
        "revision" : "bb97662c6d2e0410390dc0c5fe86d182b72ba213"
      }
    }
  ],
  "version" : 3
}
